
Microsoft Visual Studio Solution File, Format Version 12.00
# Visual Studio Version 16
VisualStudioVersion = 16.0.31702.278
MinimumVisualStudioVersion = 10.0.40219.1
Project("{FAE04EC0-301F-11D3-BF4B-00C04F79EFBC}") = "API", "API\API.csproj", "{B475614A-F805-4587-A691-4DD76FBC3DA8}"
EndProject
Global
	GlobalSection(SolutionConfigurationPlatforms) = preSolution
		Debug|Any CPU = Debug|Any CPU
		Release|Any CPU = Release|Any CPU
	EndGlobalSection
	GlobalSection(ProjectConfigurationPlatforms) = postSolution
		{B475614A-F805-4587-A691-4DD76FBC3DA8}.Debug|Any CPU.ActiveCfg = Debug|Any CPU
		{B475614A-F805-4587-A691-4DD76FBC3DA8}.Debug|Any CPU.Build.0 = Debug|Any CPU
		{B475614A-F805-4587-A691-4DD76FBC3DA8}.Release|Any CPU.ActiveCfg = Release|Any CPU
		{B475614A-F805-4587-A691-4DD76FBC3DA8}.Release|Any CPU.Build.0 = Release|Any CPU
	EndGlobalSection
	GlobalSection(SolutionProperties) = preSolution
		HideSolutionNode = FALSE
	EndGlobalSection
	GlobalSection(ExtensibilityGlobals) = postSolution
		SolutionGuid = {147C6941-05A6-499C-BEFC-61E3AA3A4C7A}
	EndGlobalSection
EndGlobal
